
Microsoft Visual Studio Solution File, Format Version 12.00
# Visual Studio 14
VisualStudioVersion = 14.0.25420.1
MinimumVisualStudioVersion = 10.0.40219.1
Project("{FAE04EC0-301F-11D3-BF4B-00C04F79EFBC}") = "Quoridor", "Quoridor\Quoridor.csproj", "{6631BC11-9362-40BA-9544-D87370DC833E}"
EndProject
Project("{FAE04EC0-301F-11D3-BF4B-00C04F79EFBC}") = "QuoridorServer", "QuoridorServer\QuoridorServer.csproj", "{5B7FA3B0-63E4-4AAC-8953-DB11E40F8F96}"
EndProject
Project("{FAE04EC0-301F-11D3-BF4B-00C04F79EFBC}") = "QuoridorNetwork", "Messages\QuoridorNetwork.csproj", "{3A018902-8755-4AF5-928D-580D5ED5C5D7}"
EndProject
Project("{FAE04EC0-301F-11D3-BF4B-00C04F79EFBC}") = "QuoridorDeterministicAgent", "QuoridorDeterministicAgent\QuoridorDeterministicAgent.csproj", "{609CED56-C4F7-4405-A00B-613FF2D9490F}"
EndProject
Project("{FAE04EC0-301F-11D3-BF4B-00C04F79EFBC}") = "QuoridorPlayerInputMode", "QuoridorPlayerInputMode\QuoridorPlayerInputMode.csproj", "{700377A6-564F-400E-864D-7A66F809CC3A}"
EndProject
Global
	GlobalSection(SolutionConfigurationPlatforms) = preSolution
		Debug|Any CPU = Debug|Any CPU
		Debug|x86 = Debug|x86
		Release|Any CPU = Release|Any CPU
		Release|x86 = Release|x86
	EndGlobalSection
	GlobalSection(ProjectConfigurationPlatforms) = postSolution
		{6631BC11-9362-40BA-9544-D87370DC833E}.Debug|Any CPU.ActiveCfg = Debug|x86
		{6631BC11-9362-40BA-9544-D87370DC833E}.Debug|Any CPU.Build.0 = Debug|x86
		{6631BC11-9362-40BA-9544-D87370DC833E}.Debug|x86.ActiveCfg = Debug|x86
		{6631BC11-9362-40BA-9544-D87370DC833E}.Debug|x86.Build.0 = Debug|x86
		{6631BC11-9362-40BA-9544-D87370DC833E}.Release|Any CPU.ActiveCfg = Release|x86
		{6631BC11-9362-40BA-9544-D87370DC833E}.Release|x86.ActiveCfg = Release|x86
		{6631BC11-9362-40BA-9544-D87370DC833E}.Release|x86.Build.0 = Release|x86
		{5B7FA3B0-63E4-4AAC-8953-DB11E40F8F96}.Debug|Any CPU.ActiveCfg = Debug|Any CPU
		{5B7FA3B0-63E4-4AAC-8953-DB11E40F8F96}.Debug|Any CPU.Build.0 = Debug|Any CPU
		{5B7FA3B0-63E4-4AAC-8953-DB11E40F8F96}.Debug|x86.ActiveCfg = Debug|Any CPU
		{5B7FA3B0-63E4-4AAC-8953-DB11E40F8F96}.Debug|x86.Build.0 = Debug|Any CPU
		{5B7FA3B0-63E4-4AAC-8953-DB11E40F8F96}.Release|Any CPU.ActiveCfg = Release|Any CPU
		{5B7FA3B0-63E4-4AAC-8953-DB11E40F8F96}.Release|Any CPU.Build.0 = Release|Any CPU
		{5B7FA3B0-63E4-4AAC-8953-DB11E40F8F96}.Release|x86.ActiveCfg = Release|Any CPU
		{5B7FA3B0-63E4-4AAC-8953-DB11E40F8F96}.Release|x86.Build.0 = Release|Any CPU
		{3A018902-8755-4AF5-928D-580D5ED5C5D7}.Debug|Any CPU.ActiveCfg = Debug|Any CPU
		{3A018902-8755-4AF5-928D-580D5ED5C5D7}.Debug|Any CPU.Build.0 = Debug|Any CPU
		{3A018902-8755-4AF5-928D-580D5ED5C5D7}.Debug|x86.ActiveCfg = Debug|Any CPU
		{3A018902-8755-4AF5-928D-580D5ED5C5D7}.Debug|x86.Build.0 = Debug|Any CPU
		{3A018902-8755-4AF5-928D-580D5ED5C5D7}.Release|Any CPU.ActiveCfg = Release|Any CPU
		{3A018902-8755-4AF5-928D-580D5ED5C5D7}.Release|Any CPU.Build.0 = Release|Any CPU
		{3A018902-8755-4AF5-928D-580D5ED5C5D7}.Release|x86.ActiveCfg = Release|Any CPU
		{3A018902-8755-4AF5-928D-580D5ED5C5D7}.Release|x86.Build.0 = Release|Any CPU
		{609CED56-C4F7-4405-A00B-613FF2D9490F}.Debug|Any CPU.ActiveCfg = Debug|Any CPU
		{609CED56-C4F7-4405-A00B-613FF2D9490F}.Debug|Any CPU.Build.0 = Debug|Any CPU
		{609CED56-C4F7-4405-A00B-613FF2D9490F}.Debug|x86.ActiveCfg = Debug|Any CPU
		{609CED56-C4F7-4405-A00B-613FF2D9490F}.Debug|x86.Build.0 = Debug|Any CPU
		{609CED56-C4F7-4405-A00B-613FF2D9490F}.Release|Any CPU.ActiveCfg = Release|Any CPU
		{609CED56-C4F7-4405-A00B-613FF2D9490F}.Release|Any CPU.Build.0 = Release|Any CPU
		{609CED56-C4F7-4405-A00B-613FF2D9490F}.Release|x86.ActiveCfg = Release|Any CPU
		{609CED56-C4F7-4405-A00B-613FF2D9490F}.Release|x86.Build.0 = Release|Any CPU
		{700377A6-564F-400E-864D-7A66F809CC3A}.Debug|Any CPU.ActiveCfg = Debug|Any CPU
		{700377A6-564F-400E-864D-7A66F809CC3A}.Debug|Any CPU.Build.0 = Debug|Any CPU
		{700377A6-564F-400E-864D-7A66F809CC3A}.Debug|x86.ActiveCfg = Debug|Any CPU
		{700377A6-564F-400E-864D-7A66F809CC3A}.Debug|x86.Build.0 = Debug|Any CPU
		{700377A6-564F-400E-864D-7A66F809CC3A}.Release|Any CPU.ActiveCfg = Release|Any CPU
		{700377A6-564F-400E-864D-7A66F809CC3A}.Release|Any CPU.Build.0 = Release|Any CPU
		{700377A6-564F-400E-864D-7A66F809CC3A}.Release|x86.ActiveCfg = Release|Any CPU
		{700377A6-564F-400E-864D-7A66F809CC3A}.Release|x86.Build.0 = Release|Any CPU
	EndGlobalSection
	GlobalSection(SolutionProperties) = preSolution
		HideSolutionNode = FALSE
	EndGlobalSection
EndGlobal
